
Microsoft Visual Studio Solution File, Format Version 12.00
# Visual Studio 2017
Project("{FAE04EC0-301F-11D3-BF4B-00C04F79EFBC}") = "Analyser", "Analyser.csproj", "{9C4ACA19-1C6A-4948-878E-B40E8C0B92DD}"
EndProject
Global
	GlobalSection(SolutionConfigurationPlatforms) = preSolution
		Debug|Any CPU = Debug|Any CPU
		Release|Any CPU = Release|Any CPU
	EndGlobalSection
	GlobalSection(ProjectConfigurationPlatforms) = postSolution
		{9C4ACA19-1C6A-4948-878E-B40E8C0B92DD}.Debug|Any CPU.ActiveCfg = Debug|Any CPU
		{9C4ACA19-1C6A-4948-878E-B40E8C0B92DD}.Debug|Any CPU.Build.0 = Debug|Any CPU
		{9C4ACA19-1C6A-4948-878E-B40E8C0B92DD}.Release|Any CPU.ActiveCfg = Release|Any CPU
		{9C4ACA19-1C6A-4948-878E-B40E8C0B92DD}.Release|Any CPU.Build.0 = Release|Any CPU
	EndGlobalSection
EndGlobal
